
Microsoft Visual Studio Solution File, Format Version 11.00
# Visual Studio 2010
Project("{FAE04EC0-301F-11D3-BF4B-00C04F79EFBC}") = "Assembly-CSharp", "Assembly-CSharp.csproj", "{D64E0462-B61B-2F72-7376-919A42DA6026}"
EndProject
Global
	GlobalSection(SolutionConfigurationPlatforms) = preSolution
		Debug|Any CPU = Debug|Any CPU
		Release|Any CPU = Release|Any CPU
	EndGlobalSection
	GlobalSection(ProjectConfigurationPlatforms) = postSolution
		{D64E0462-B61B-2F72-7376-919A42DA6026}.Debug|Any CPU.ActiveCfg = Debug|Any CPU
		{D64E0462-B61B-2F72-7376-919A42DA6026}.Debug|Any CPU.Build.0 = Debug|Any CPU
		{D64E0462-B61B-2F72-7376-919A42DA6026}.Release|Any CPU.ActiveCfg = Release|Any CPU
		{D64E0462-B61B-2F72-7376-919A42DA6026}.Release|Any CPU.Build.0 = Release|Any CPU
	EndGlobalSection
	GlobalSection(SolutionProperties) = preSolution
		HideSolutionNode = FALSE
	EndGlobalSection
EndGlobal
